Microsoft Visual Studio Solution File, Format Version 12.00
# Visual Studio 2012
Project("{FAE04EC0-301F-11D3-BF4B-00C04F79EFBC}") = "Tello", "Tello.csproj", "{7CB19DEC-6C60-439F-B318-F4F835F9484A}"
EndProject
Global
	GlobalSection(SolutionConfigurationPlatforms) = preSolution
	Debug|Any CPU = Debug|Any CPU
	ExportDebug|Any CPU = ExportDebug|Any CPU
	ExportRelease|Any CPU = ExportRelease|Any CPU
	EndGlobalSection
	GlobalSection(ProjectConfigurationPlatforms) = postSolution
		{7CB19DEC-6C60-439F-B318-F4F835F9484A}.Debug|Any CPU.ActiveCfg = Debug|Any CPU
		{7CB19DEC-6C60-439F-B318-F4F835F9484A}.Debug|Any CPU.Build.0 = Debug|Any CPU
		{7CB19DEC-6C60-439F-B318-F4F835F9484A}.ExportDebug|Any CPU.ActiveCfg = ExportDebug|Any CPU
		{7CB19DEC-6C60-439F-B318-F4F835F9484A}.ExportDebug|Any CPU.Build.0 = ExportDebug|Any CPU
		{7CB19DEC-6C60-439F-B318-F4F835F9484A}.ExportRelease|Any CPU.ActiveCfg = ExportRelease|Any CPU
		{7CB19DEC-6C60-439F-B318-F4F835F9484A}.ExportRelease|Any CPU.Build.0 = ExportRelease|Any CPU
	EndGlobalSection
EndGlobal
